
Microsoft Visual Studio Solution File, Format Version 12.00
# Visual Studio Version 16
VisualStudioVersion = 16.0.30523.141
MinimumVisualStudioVersion = 10.0.40219.1
Project("{FAE04EC0-301F-11D3-BF4B-00C04F79EFBC}") = "SHA-2", "SHA-2\SHA-2.csproj", "{2643732E-82E4-4AE5-9556-456A67728DA0}"
EndProject
Global
	GlobalSection(SolutionConfigurationPlatforms) = preSolution
		Debug|Any CPU = Debug|Any CPU
		Release|Any CPU = Release|Any CPU
	EndGlobalSection
	GlobalSection(ProjectConfigurationPlatforms) = postSolution
		{2643732E-82E4-4AE5-9556-456A67728DA0}.Debug|Any CPU.ActiveCfg = Debug|Any CPU
		{2643732E-82E4-4AE5-9556-456A67728DA0}.Debug|Any CPU.Build.0 = Debug|Any CPU
		{2643732E-82E4-4AE5-9556-456A67728DA0}.Release|Any CPU.ActiveCfg = Release|Any CPU
		{2643732E-82E4-4AE5-9556-456A67728DA0}.Release|Any CPU.Build.0 = Release|Any CPU
	EndGlobalSection
	GlobalSection(SolutionProperties) = preSolution
		HideSolutionNode = FALSE
	EndGlobalSection
	GlobalSection(ExtensibilityGlobals) = postSolution
		SolutionGuid = {D681F751-2155-4C7F-8187-6F5522F358F4}
	EndGlobalSection
EndGlobal
